
Microsoft Visual Studio Solution File, Format Version 12.00
# Visual Studio Version 17
VisualStudioVersion = 17.2.32616.157
MinimumVisualStudioVersion = 10.0.40219.1
Project("{FAE04EC0-301F-11D3-BF4B-00C04F79EFBC}") = "AppExamenCotizador", "AppExamenCotizador\AppExamenCotizador.csproj", "{644F1F2A-F18C-4F17-8317-392FDA52192B}"
EndProject
Global
	GlobalSection(SolutionConfigurationPlatforms) = preSolution
		Debug|Any CPU = Debug|Any CPU
		Release|Any CPU = Release|Any CPU
	EndGlobalSection
	GlobalSection(ProjectConfigurationPlatforms) = postSolution
		{644F1F2A-F18C-4F17-8317-392FDA52192B}.Debug|Any CPU.ActiveCfg = Debug|Any CPU
		{644F1F2A-F18C-4F17-8317-392FDA52192B}.Debug|Any CPU.Build.0 = Debug|Any CPU
		{644F1F2A-F18C-4F17-8317-392FDA52192B}.Release|Any CPU.ActiveCfg = Release|Any CPU
		{644F1F2A-F18C-4F17-8317-392FDA52192B}.Release|Any CPU.Build.0 = Release|Any CPU
	EndGlobalSection
	GlobalSection(SolutionProperties) = preSolution
		HideSolutionNode = FALSE
	EndGlobalSection
	GlobalSection(ExtensibilityGlobals) = postSolution
		SolutionGuid = {77E3BE0D-842B-4217-82C1-2EC0784F743E}
	EndGlobalSection
EndGlobal
